
Microsoft Visual Studio Solution File, Format Version 12.00
# Visual Studio Version 16
VisualStudioVersion = 16.0.30128.74
MinimumVisualStudioVersion = 10.0.40219.1
Project("{FAE04EC0-301F-11D3-BF4B-00C04F79EFBC}") = "WorldClockPlugin", "WorldClockPlugin\WorldClockPlugin.csproj", "{61ABDB7E-ED5A-485B-AA87-F07083A9ABBC}"
EndProject
Global
	GlobalSection(SolutionConfigurationPlatforms) = preSolution
		Debug|Any CPU = Debug|Any CPU
		Release|Any CPU = Release|Any CPU
	EndGlobalSection
	GlobalSection(ProjectConfigurationPlatforms) = postSolution
		{61ABDB7E-ED5A-485B-AA87-F07083A9ABBC}.Debug|Any CPU.ActiveCfg = Debug|Any CPU
		{61ABDB7E-ED5A-485B-AA87-F07083A9ABBC}.Debug|Any CPU.Build.0 = Debug|Any CPU
		{61ABDB7E-ED5A-485B-AA87-F07083A9ABBC}.Release|Any CPU.ActiveCfg = Release|Any CPU
		{61ABDB7E-ED5A-485B-AA87-F07083A9ABBC}.Release|Any CPU.Build.0 = Release|Any CPU
	EndGlobalSection
	GlobalSection(SolutionProperties) = preSolution
		HideSolutionNode = FALSE
	EndGlobalSection
	GlobalSection(ExtensibilityGlobals) = postSolution
		SolutionGuid = {E0428B73-932B-42B0-B547-013874E6E6B8}
	EndGlobalSection
EndGlobal
